
Microsoft Visual Studio Solution File, Format Version 12.00
# Visual Studio Version 17
VisualStudioVersion = 17.6.33712.159
MinimumVisualStudioVersion = 10.0.40219.1
Project("{FAE04EC0-301F-11D3-BF4B-00C04F79EFBC}") = "Hurieieva.HomeWork2", "Hurieieva.HomeWork2\Hurieieva.HomeWork2.csproj", "{55F84140-CCA1-418C-862D-7B1189E282E4}"
EndProject
Project("{FAE04EC0-301F-11D3-BF4B-00C04F79EFBC}") = "Hurieieva.HomeWork3", "Hurieieva.HomeWork3\Hurieieva.HomeWork3.csproj", "{2507584D-CD10-43D7-B326-47ACD645399C}"
EndProject
Global
	GlobalSection(SolutionConfigurationPlatforms) = preSolution
		Debug|Any CPU = Debug|Any CPU
		Release|Any CPU = Release|Any CPU
	EndGlobalSection
	GlobalSection(ProjectConfigurationPlatforms) = postSolution
		{55F84140-CCA1-418C-862D-7B1189E282E4}.Debug|Any CPU.ActiveCfg = Debug|Any CPU
		{55F84140-CCA1-418C-862D-7B1189E282E4}.Debug|Any CPU.Build.0 = Debug|Any CPU
		{55F84140-CCA1-418C-862D-7B1189E282E4}.Release|Any CPU.ActiveCfg = Release|Any CPU
		{55F84140-CCA1-418C-862D-7B1189E282E4}.Release|Any CPU.Build.0 = Release|Any CPU
		{2507584D-CD10-43D7-B326-47ACD645399C}.Debug|Any CPU.ActiveCfg = Debug|Any CPU
		{2507584D-CD10-43D7-B326-47ACD645399C}.Debug|Any CPU.Build.0 = Debug|Any CPU
		{2507584D-CD10-43D7-B326-47ACD645399C}.Release|Any CPU.ActiveCfg = Release|Any CPU
		{2507584D-CD10-43D7-B326-47ACD645399C}.Release|Any CPU.Build.0 = Release|Any CPU
	EndGlobalSection
	GlobalSection(SolutionProperties) = preSolution
		HideSolutionNode = FALSE
	EndGlobalSection
	GlobalSection(ExtensibilityGlobals) = postSolution
		SolutionGuid = {BDDD4898-15A1-4FF7-B3BD-1A46CA1B6F81}
	EndGlobalSection
EndGlobal
